
Microsoft Visual Studio Solution File, Format Version 12.00
# Visual Studio 15
VisualStudioVersion = 15.0.28307.1000
MinimumVisualStudioVersion = 10.0.40219.1
Project("{8BC9CEB8-8B4A-11D0-8D11-00A0C91BC942}") = "dnn_face_recognition_ex", "dnn_face_recognition_ex.vcxproj", "{6139BEA4-B141-32D5-A93D-7A65B69B300B}"
EndProject
Global
	GlobalSection(SolutionConfigurationPlatforms) = preSolution
		Debug|x64 = Debug|x64
		MinSizeRel|x64 = MinSizeRel|x64
		Release|x64 = Release|x64
		ReleaseCUDA|x64 = ReleaseCUDA|x64
		ReleaseMKL|x64 = ReleaseMKL|x64
		RelWithDebInfo|x64 = RelWithDebInfo|x64
	EndGlobalSection
	GlobalSection(ProjectConfigurationPlatforms) = postSolution
		{6139BEA4-B141-32D5-A93D-7A65B69B300B}.Debug|x64.ActiveCfg = Release|x64
		{6139BEA4-B141-32D5-A93D-7A65B69B300B}.Debug|x64.Build.0 = Release|x64
		{6139BEA4-B141-32D5-A93D-7A65B69B300B}.MinSizeRel|x64.ActiveCfg = Release|x64
		{6139BEA4-B141-32D5-A93D-7A65B69B300B}.MinSizeRel|x64.Build.0 = Release|x64
		{6139BEA4-B141-32D5-A93D-7A65B69B300B}.Release|x64.ActiveCfg = Release|x64
		{6139BEA4-B141-32D5-A93D-7A65B69B300B}.Release|x64.Build.0 = Release|x64
		{6139BEA4-B141-32D5-A93D-7A65B69B300B}.ReleaseCUDA|x64.ActiveCfg = ReleaseCUDA|x64
		{6139BEA4-B141-32D5-A93D-7A65B69B300B}.ReleaseCUDA|x64.Build.0 = ReleaseCUDA|x64
		{6139BEA4-B141-32D5-A93D-7A65B69B300B}.ReleaseMKL|x64.ActiveCfg = ReleaseMKL|x64
		{6139BEA4-B141-32D5-A93D-7A65B69B300B}.ReleaseMKL|x64.Build.0 = ReleaseMKL|x64
		{6139BEA4-B141-32D5-A93D-7A65B69B300B}.RelWithDebInfo|x64.ActiveCfg = ReleaseCUDA|x64
		{6139BEA4-B141-32D5-A93D-7A65B69B300B}.RelWithDebInfo|x64.Build.0 = ReleaseCUDA|x64
	EndGlobalSection
	GlobalSection(SolutionProperties) = preSolution
		HideSolutionNode = FALSE
	EndGlobalSection
	GlobalSection(ExtensibilityGlobals) = postSolution
		SolutionGuid = {2A446830-908B-4FCF-A3BB-0A24E22CCCEC}
	EndGlobalSection
EndGlobal
