
Microsoft Visual Studio Solution File, Format Version 12.00
# Visual Studio 15
VisualStudioVersion = 15.0.28307.1000
MinimumVisualStudioVersion = 10.0.40219.1
Project("{FAE04EC0-301F-11D3-BF4B-00C04F79EFBC}") = "face_recognition", "face_recognition\face_recognition.csproj", "{3E40B3FC-0E29-4377-8CE9-6A528B89F2F4}"
EndProject
Global
	GlobalSection(SolutionConfigurationPlatforms) = preSolution
		Debug|Any CPU = Debug|Any CPU
		Release|Any CPU = Release|Any CPU
	EndGlobalSection
	GlobalSection(ProjectConfigurationPlatforms) = postSolution
		{3E40B3FC-0E29-4377-8CE9-6A528B89F2F4}.Debug|Any CPU.ActiveCfg = Debug|Any CPU
		{3E40B3FC-0E29-4377-8CE9-6A528B89F2F4}.Debug|Any CPU.Build.0 = Debug|Any CPU
		{3E40B3FC-0E29-4377-8CE9-6A528B89F2F4}.Release|Any CPU.ActiveCfg = Release|Any CPU
		{3E40B3FC-0E29-4377-8CE9-6A528B89F2F4}.Release|Any CPU.Build.0 = Release|Any CPU
	EndGlobalSection
	GlobalSection(SolutionProperties) = preSolution
		HideSolutionNode = FALSE
	EndGlobalSection
	GlobalSection(ExtensibilityGlobals) = postSolution
		SolutionGuid = {BFC3EB7E-70CA-4F67-B0C3-A05455416AE3}
	EndGlobalSection
EndGlobal
